
Microsoft Visual Studio Solution File, Format Version 12.00
# Visual Studio 15
VisualStudioVersion = 15.0.28307.168
MinimumVisualStudioVersion = 10.0.40219.1
Project("{FAE04EC0-301F-11D3-BF4B-00C04F79EFBC}") = "Assignment1_C0732134", "Assignment1_C0732134\Assignment1_C0732134.csproj", "{23C3849D-0A2C-47EE-9DFF-CD1FFB93A064}"
EndProject
Global
	GlobalSection(SolutionConfigurationPlatforms) = preSolution
		Debug|Any CPU = Debug|Any CPU
		Release|Any CPU = Release|Any CPU
	EndGlobalSection
	GlobalSection(ProjectConfigurationPlatforms) = postSolution
		{23C3849D-0A2C-47EE-9DFF-CD1FFB93A064}.Debug|Any CPU.ActiveCfg = Debug|Any CPU
		{23C3849D-0A2C-47EE-9DFF-CD1FFB93A064}.Debug|Any CPU.Build.0 = Debug|Any CPU
		{23C3849D-0A2C-47EE-9DFF-CD1FFB93A064}.Release|Any CPU.ActiveCfg = Release|Any CPU
		{23C3849D-0A2C-47EE-9DFF-CD1FFB93A064}.Release|Any CPU.Build.0 = Release|Any CPU
	EndGlobalSection
	GlobalSection(SolutionProperties) = preSolution
		HideSolutionNode = FALSE
	EndGlobalSection
	GlobalSection(ExtensibilityGlobals) = postSolution
		SolutionGuid = {D8E7A3EA-E859-4E5B-BF1A-3DA401816AB3}
	EndGlobalSection
EndGlobal
